
Microsoft Visual Studio Solution File, Format Version 12.00
# Visual Studio 2012
Project("{FAE04EC0-301F-11D3-BF4B-00C04F79EFBC}") = "EntertainmentTrackerPersonal", "EntertainmentTrackerPersonal\EntertainmentTrackerPersonal.csproj", "{72124EEB-4C29-4C4A-899E-37CF3E06A659}"
EndProject
Project("{FAE04EC0-301F-11D3-BF4B-00C04F79EFBC}") = "UserService", "UserService\UserService.csproj", "{5ADB35C1-048C-4696-9FE1-85B3FC1D5D6B}"
EndProject
Project("{FAE04EC0-301F-11D3-BF4B-00C04F79EFBC}") = "DataObjects", "DataObjects\DataObjects.csproj", "{86F72C2A-5834-47BE-BE88-9C3D38EF0421}"
EndProject
Global
	GlobalSection(SolutionConfigurationPlatforms) = preSolution
		Debug|Any CPU = Debug|Any CPU
		Release|Any CPU = Release|Any CPU
	EndGlobalSection
	GlobalSection(ProjectConfigurationPlatforms) = postSolution
		{72124EEB-4C29-4C4A-899E-37CF3E06A659}.Debug|Any CPU.ActiveCfg = Debug|Any CPU
		{72124EEB-4C29-4C4A-899E-37CF3E06A659}.Debug|Any CPU.Build.0 = Debug|Any CPU
		{72124EEB-4C29-4C4A-899E-37CF3E06A659}.Release|Any CPU.ActiveCfg = Release|Any CPU
		{72124EEB-4C29-4C4A-899E-37CF3E06A659}.Release|Any CPU.Build.0 = Release|Any CPU
		{5ADB35C1-048C-4696-9FE1-85B3FC1D5D6B}.Debug|Any CPU.ActiveCfg = Debug|Any CPU
		{5ADB35C1-048C-4696-9FE1-85B3FC1D5D6B}.Debug|Any CPU.Build.0 = Debug|Any CPU
		{5ADB35C1-048C-4696-9FE1-85B3FC1D5D6B}.Release|Any CPU.ActiveCfg = Release|Any CPU
		{5ADB35C1-048C-4696-9FE1-85B3FC1D5D6B}.Release|Any CPU.Build.0 = Release|Any CPU
		{86F72C2A-5834-47BE-BE88-9C3D38EF0421}.Debug|Any CPU.ActiveCfg = Debug|Any CPU
		{86F72C2A-5834-47BE-BE88-9C3D38EF0421}.Debug|Any CPU.Build.0 = Debug|Any CPU
		{86F72C2A-5834-47BE-BE88-9C3D38EF0421}.Release|Any CPU.ActiveCfg = Release|Any CPU
		{86F72C2A-5834-47BE-BE88-9C3D38EF0421}.Release|Any CPU.Build.0 = Release|Any CPU
	EndGlobalSection
	GlobalSection(SolutionProperties) = preSolution
		HideSolutionNode = FALSE
	EndGlobalSection
EndGlobal
